
Microsoft Visual Studio Solution File, Format Version 12.00
# Visual Studio Version 17
VisualStudioVersion = 17.0.31903.59
MinimumVisualStudioVersion = 10.0.40219.1
Project("{FAE04EC0-301F-11D3-BF4B-00C04F79EFBC}") = "design-patterns", "design-patterns\design-patterns.csproj", "{E5A4D00E-8365-41D9-9C97-19D97F2D7B0C}"
EndProject
Project("{FAE04EC0-301F-11D3-BF4B-00C04F79EFBC}") = "design-patterns.tests", "design-patterns.tests\design-patterns.tests.csproj", "{A3709AD9-DDC7-48E2-8F91-8B6A2C601F97}"
EndProject
Global
	GlobalSection(SolutionConfigurationPlatforms) = preSolution
		Debug|Any CPU = Debug|Any CPU
		Release|Any CPU = Release|Any CPU
	EndGlobalSection
	GlobalSection(SolutionProperties) = preSolution
		HideSolutionNode = FALSE
	EndGlobalSection
	GlobalSection(ProjectConfigurationPlatforms) = postSolution
		{E5A4D00E-8365-41D9-9C97-19D97F2D7B0C}.Debug|Any CPU.ActiveCfg = Debug|Any CPU
		{E5A4D00E-8365-41D9-9C97-19D97F2D7B0C}.Debug|Any CPU.Build.0 = Debug|Any CPU
		{E5A4D00E-8365-41D9-9C97-19D97F2D7B0C}.Release|Any CPU.ActiveCfg = Release|Any CPU
		{E5A4D00E-8365-41D9-9C97-19D97F2D7B0C}.Release|Any CPU.Build.0 = Release|Any CPU
		{A3709AD9-DDC7-48E2-8F91-8B6A2C601F97}.Debug|Any CPU.ActiveCfg = Debug|Any CPU
		{A3709AD9-DDC7-48E2-8F91-8B6A2C601F97}.Debug|Any CPU.Build.0 = Debug|Any CPU
		{A3709AD9-DDC7-48E2-8F91-8B6A2C601F97}.Release|Any CPU.ActiveCfg = Release|Any CPU
		{A3709AD9-DDC7-48E2-8F91-8B6A2C601F97}.Release|Any CPU.Build.0 = Release|Any CPU
	EndGlobalSection
EndGlobal
